
Microsoft Visual Studio Solution File, Format Version 12.00
# Visual Studio Version 17
VisualStudioVersion = 17.7.34018.315
MinimumVisualStudioVersion = 10.0.40219.1
Project("{FAE04EC0-301F-11D3-BF4B-00C04F79EFBC}") = "1_Thread", "csharpgyak6_szalkezeles2\1_Thread.csproj", "{73464D39-74EC-4D86-84B3-B76908523FA6}"
EndProject
Project("{FAE04EC0-301F-11D3-BF4B-00C04F79EFBC}") = "2_Idomeres", "2_Idomeres\2_Idomeres.csproj", "{3DABF86C-7158-404D-BAD4-D2A0E70A6301}"
EndProject
Project("{FAE04EC0-301F-11D3-BF4B-00C04F79EFBC}") = "3_ThreadPool_1", "3_ThreadPool_1\3_ThreadPool_1.csproj", "{DBE3C509-CFB7-4732-B491-574AD7C43A95}"
EndProject
Project("{FAE04EC0-301F-11D3-BF4B-00C04F79EFBC}") = "4_ThreadPool_2", "4_ThreadPool_2\4_ThreadPool_2.csproj", "{A5A695B9-1AE6-4123-9EE6-E45E57072B58}"
EndProject
Project("{FAE04EC0-301F-11D3-BF4B-00C04F79EFBC}") = "5_ThreadPool_3", "5_ThreadPool_3\5_ThreadPool_3.csproj", "{CAB3AACC-01D3-4F53-8F6E-D57474DFAB79}"
EndProject
Project("{FAE04EC0-301F-11D3-BF4B-00C04F79EFBC}") = "6_ThreadPool_4", "6_ThreadPool_4\6_ThreadPool_4.csproj", "{4C32851F-FC49-4A7A-AAB6-460C6651046D}"
EndProject
Project("{FAE04EC0-301F-11D3-BF4B-00C04F79EFBC}") = "7_Interlocked", "7_Interlocked\7_Interlocked.csproj", "{1BC42C9E-AE81-4A5A-A009-340307A10E51}"
EndProject
Project("{FAE04EC0-301F-11D3-BF4B-00C04F79EFBC}") = "8_ReaderWriterLock", "8_ReaderWriterLock\8_ReaderWriterLock.csproj", "{89A29F90-1942-4370-AD18-A366D40165F7}"
EndProject
Project("{FAE04EC0-301F-11D3-BF4B-00C04F79EFBC}") = "9_Upgrade_Downgrade", "9_Upgrade_Downgrade\9_Upgrade_Downgrade.csproj", "{304B9C34-5D80-4122-B611-92108BC68759}"
EndProject
Global
	GlobalSection(SolutionConfigurationPlatforms) = preSolution
		Debug|Any CPU = Debug|Any CPU
		Debug|x86 = Debug|x86
		Release|Any CPU = Release|Any CPU
		Release|x86 = Release|x86
	EndGlobalSection
	GlobalSection(ProjectConfigurationPlatforms) = postSolution
		{73464D39-74EC-4D86-84B3-B76908523FA6}.Debug|Any CPU.ActiveCfg = Debug|x86
		{73464D39-74EC-4D86-84B3-B76908523FA6}.Debug|x86.ActiveCfg = Debug|x86
		{73464D39-74EC-4D86-84B3-B76908523FA6}.Debug|x86.Build.0 = Debug|x86
		{73464D39-74EC-4D86-84B3-B76908523FA6}.Release|Any CPU.ActiveCfg = Release|x86
		{73464D39-74EC-4D86-84B3-B76908523FA6}.Release|x86.ActiveCfg = Release|x86
		{73464D39-74EC-4D86-84B3-B76908523FA6}.Release|x86.Build.0 = Release|x86
		{3DABF86C-7158-404D-BAD4-D2A0E70A6301}.Debug|Any CPU.ActiveCfg = Debug|x86
		{3DABF86C-7158-404D-BAD4-D2A0E70A6301}.Debug|x86.ActiveCfg = Debug|x86
		{3DABF86C-7158-404D-BAD4-D2A0E70A6301}.Debug|x86.Build.0 = Debug|x86
		{3DABF86C-7158-404D-BAD4-D2A0E70A6301}.Release|Any CPU.ActiveCfg = Release|x86
		{3DABF86C-7158-404D-BAD4-D2A0E70A6301}.Release|x86.ActiveCfg = Release|x86
		{3DABF86C-7158-404D-BAD4-D2A0E70A6301}.Release|x86.Build.0 = Release|x86
		{DBE3C509-CFB7-4732-B491-574AD7C43A95}.Debug|Any CPU.ActiveCfg = Debug|Any CPU
		{DBE3C509-CFB7-4732-B491-574AD7C43A95}.Debug|Any CPU.Build.0 = Debug|Any CPU
		{DBE3C509-CFB7-4732-B491-574AD7C43A95}.Debug|x86.ActiveCfg = Debug|Any CPU
		{DBE3C509-CFB7-4732-B491-574AD7C43A95}.Debug|x86.Build.0 = Debug|Any CPU
		{DBE3C509-CFB7-4732-B491-574AD7C43A95}.Release|Any CPU.ActiveCfg = Release|Any CPU
		{DBE3C509-CFB7-4732-B491-574AD7C43A95}.Release|Any CPU.Build.0 = Release|Any CPU
		{DBE3C509-CFB7-4732-B491-574AD7C43A95}.Release|x86.ActiveCfg = Release|Any CPU
		{DBE3C509-CFB7-4732-B491-574AD7C43A95}.Release|x86.Build.0 = Release|Any CPU
		{A5A695B9-1AE6-4123-9EE6-E45E57072B58}.Debug|Any CPU.ActiveCfg = Debug|Any CPU
		{A5A695B9-1AE6-4123-9EE6-E45E57072B58}.Debug|Any CPU.Build.0 = Debug|Any CPU
		{A5A695B9-1AE6-4123-9EE6-E45E57072B58}.Debug|x86.ActiveCfg = Debug|Any CPU
		{A5A695B9-1AE6-4123-9EE6-E45E57072B58}.Debug|x86.Build.0 = Debug|Any CPU
		{A5A695B9-1AE6-4123-9EE6-E45E57072B58}.Release|Any CPU.ActiveCfg = Release|Any CPU
		{A5A695B9-1AE6-4123-9EE6-E45E57072B58}.Release|Any CPU.Build.0 = Release|Any CPU
		{A5A695B9-1AE6-4123-9EE6-E45E57072B58}.Release|x86.ActiveCfg = Release|Any CPU
		{A5A695B9-1AE6-4123-9EE6-E45E57072B58}.Release|x86.Build.0 = Release|Any CPU
		{CAB3AACC-01D3-4F53-8F6E-D57474DFAB79}.Debug|Any CPU.ActiveCfg = Debug|Any CPU
		{CAB3AACC-01D3-4F53-8F6E-D57474DFAB79}.Debug|Any CPU.Build.0 = Debug|Any CPU
		{CAB3AACC-01D3-4F53-8F6E-D57474DFAB79}.Debug|x86.ActiveCfg = Debug|Any CPU
		{CAB3AACC-01D3-4F53-8F6E-D57474DFAB79}.Debug|x86.Build.0 = Debug|Any CPU
		{CAB3AACC-01D3-4F53-8F6E-D57474DFAB79}.Release|Any CPU.ActiveCfg = Release|Any CPU
		{CAB3AACC-01D3-4F53-8F6E-D57474DFAB79}.Release|Any CPU.Build.0 = Release|Any CPU
		{CAB3AACC-01D3-4F53-8F6E-D57474DFAB79}.Release|x86.ActiveCfg = Release|Any CPU
		{CAB3AACC-01D3-4F53-8F6E-D57474DFAB79}.Release|x86.Build.0 = Release|Any CPU
		{4C32851F-FC49-4A7A-AAB6-460C6651046D}.Debug|Any CPU.ActiveCfg = Debug|Any CPU
		{4C32851F-FC49-4A7A-AAB6-460C6651046D}.Debug|Any CPU.Build.0 = Debug|Any CPU
		{4C32851F-FC49-4A7A-AAB6-460C6651046D}.Debug|x86.ActiveCfg = Debug|Any CPU
		{4C32851F-FC49-4A7A-AAB6-460C6651046D}.Debug|x86.Build.0 = Debug|Any CPU
		{4C32851F-FC49-4A7A-AAB6-460C6651046D}.Release|Any CPU.ActiveCfg = Release|Any CPU
		{4C32851F-FC49-4A7A-AAB6-460C6651046D}.Release|Any CPU.Build.0 = Release|Any CPU
		{4C32851F-FC49-4A7A-AAB6-460C6651046D}.Release|x86.ActiveCfg = Release|Any CPU
		{4C32851F-FC49-4A7A-AAB6-460C6651046D}.Release|x86.Build.0 = Release|Any CPU
		{1BC42C9E-AE81-4A5A-A009-340307A10E51}.Debug|Any CPU.ActiveCfg = Debug|Any CPU
		{1BC42C9E-AE81-4A5A-A009-340307A10E51}.Debug|Any CPU.Build.0 = Debug|Any CPU
		{1BC42C9E-AE81-4A5A-A009-340307A10E51}.Debug|x86.ActiveCfg = Debug|Any CPU
		{1BC42C9E-AE81-4A5A-A009-340307A10E51}.Debug|x86.Build.0 = Debug|Any CPU
		{1BC42C9E-AE81-4A5A-A009-340307A10E51}.Release|Any CPU.ActiveCfg = Release|Any CPU
		{1BC42C9E-AE81-4A5A-A009-340307A10E51}.Release|Any CPU.Build.0 = Release|Any CPU
		{1BC42C9E-AE81-4A5A-A009-340307A10E51}.Release|x86.ActiveCfg = Release|Any CPU
		{1BC42C9E-AE81-4A5A-A009-340307A10E51}.Release|x86.Build.0 = Release|Any CPU
		{89A29F90-1942-4370-AD18-A366D40165F7}.Debug|Any CPU.ActiveCfg = Debug|Any CPU
		{89A29F90-1942-4370-AD18-A366D40165F7}.Debug|Any CPU.Build.0 = Debug|Any CPU
		{89A29F90-1942-4370-AD18-A366D40165F7}.Debug|x86.ActiveCfg = Debug|Any CPU
		{89A29F90-1942-4370-AD18-A366D40165F7}.Debug|x86.Build.0 = Debug|Any CPU
		{89A29F90-1942-4370-AD18-A366D40165F7}.Release|Any CPU.ActiveCfg = Release|Any CPU
		{89A29F90-1942-4370-AD18-A366D40165F7}.Release|Any CPU.Build.0 = Release|Any CPU
		{89A29F90-1942-4370-AD18-A366D40165F7}.Release|x86.ActiveCfg = Release|Any CPU
		{89A29F90-1942-4370-AD18-A366D40165F7}.Release|x86.Build.0 = Release|Any CPU
		{304B9C34-5D80-4122-B611-92108BC68759}.Debug|Any CPU.ActiveCfg = Debug|Any CPU
		{304B9C34-5D80-4122-B611-92108BC68759}.Debug|Any CPU.Build.0 = Debug|Any CPU
		{304B9C34-5D80-4122-B611-92108BC68759}.Debug|x86.ActiveCfg = Debug|Any CPU
		{304B9C34-5D80-4122-B611-92108BC68759}.Debug|x86.Build.0 = Debug|Any CPU
		{304B9C34-5D80-4122-B611-92108BC68759}.Release|Any CPU.ActiveCfg = Release|Any CPU
		{304B9C34-5D80-4122-B611-92108BC68759}.Release|Any CPU.Build.0 = Release|Any CPU
		{304B9C34-5D80-4122-B611-92108BC68759}.Release|x86.ActiveCfg = Release|Any CPU
		{304B9C34-5D80-4122-B611-92108BC68759}.Release|x86.Build.0 = Release|Any CPU
	EndGlobalSection
	GlobalSection(SolutionProperties) = preSolution
		HideSolutionNode = FALSE
	EndGlobalSection
	GlobalSection(ExtensibilityGlobals) = postSolution
		SolutionGuid = {B5AA3656-D1BB-4EAD-83FB-E4C23599132C}
	EndGlobalSection
EndGlobal
